
Microsoft Visual Studio Solution File, Format Version 12.00
# Visual Studio Version 17
VisualStudioVersion = 17.13.35825.156 d17.13
MinimumVisualStudioVersion = 10.0.40219.1
Project("{FAE04EC0-301F-11D3-BF4B-00C04F79EFBC}") = "Not-Ortalaması", "Not-Ortalaması\Not-Ortalaması.csproj", "{2BBEB8D5-B8B5-4885-BD2A-7807C3BF74CD}"
EndProject
Global
	GlobalSection(SolutionConfigurationPlatforms) = preSolution
		Debug|Any CPU = Debug|Any CPU
		Release|Any CPU = Release|Any CPU
	EndGlobalSection
	GlobalSection(ProjectConfigurationPlatforms) = postSolution
		{2BBEB8D5-B8B5-4885-BD2A-7807C3BF74CD}.Debug|Any CPU.ActiveCfg = Debug|Any CPU
		{2BBEB8D5-B8B5-4885-BD2A-7807C3BF74CD}.Debug|Any CPU.Build.0 = Debug|Any CPU
		{2BBEB8D5-B8B5-4885-BD2A-7807C3BF74CD}.Release|Any CPU.ActiveCfg = Release|Any CPU
		{2BBEB8D5-B8B5-4885-BD2A-7807C3BF74CD}.Release|Any CPU.Build.0 = Release|Any CPU
	EndGlobalSection
	GlobalSection(SolutionProperties) = preSolution
		HideSolutionNode = FALSE
	EndGlobalSection
	GlobalSection(ExtensibilityGlobals) = postSolution
		SolutionGuid = {C51F58C0-C278-49C6-B0CC-35CE0803C457}
	EndGlobalSection
EndGlobal
